{
  "name": "web-features-scripts",
  "version": "1.0.0",
  "lockfileVersion": 3,
  "requires": true,
  "packages": {
    "": {
      "name": "web-features-scripts",
      "version": "1.0.0",
      "dependencies": {
        "web-features": "^3.14.0"
      }
    },
    "node_modules/web-features": {
      "version": "3.14.0",
      "resolved": "https://registry.npmjs.org/web-features/-/web-features-3.14.0.tgz",
      "integrity": "sha512-5sGMMTtu2/ZTp7LopYJoTnETqv7j5QiyMagaaVjtp/s5Xtxvy+j8XFhodoOzEGP0C+yzzt4jMK3iNCLjP+rgEA==",
      "license": "Apache-2.0"
    }
  }
}
