{
  "name": "web-features-scripts",
  "version": "1.0.0",
  "lockfileVersion": 3,
  "requires": true,
  "packages": {
    "": {
      "name": "web-features-scripts",
      "version": "1.0.0",
      "dependencies": {
        "web-features": "^2.0.0"
      }
    },
    "node_modules/web-features": {
      "version": "2.49.0",
      "resolved": "https://registry.npmjs.org/web-features/-/web-features-2.49.0.tgz",
      "integrity": "sha512-TnwQ9qsvxGAKr33aGBjkTpxygo5Q/SO1d79LOGh/EJ/YgGqX1USBtasd1N/qEZ6OuHCbSJLw2QOVayOcJsm0gQ==",
      "license": "Apache-2.0"
    }
  }
}
